
Microsoft Visual Studio Solution File, Format Version 12.00
# Visual Studio Version 16
VisualStudioVersion = 16.0.30711.63
MinimumVisualStudioVersion = 10.0.40219.1
Project("{FAE04EC0-301F-11D3-BF4B-00C04F79EFBC}") = "HGG AdventsKalender 2020", "HGG AdventsKalender 2020.csproj", "{FA9813FE-6F4A-4609-8CB3-D033D43B420B}"
EndProject
Global
	GlobalSection(SolutionConfigurationPlatforms) = preSolution
		Debug|Any CPU = Debug|Any CPU
		Release|Any CPU = Release|Any CPU
	EndGlobalSection
	GlobalSection(ProjectConfigurationPlatforms) = postSolution
		{FA9813FE-6F4A-4609-8CB3-D033D43B420B}.Debug|Any CPU.ActiveCfg = Debug|Any CPU
		{FA9813FE-6F4A-4609-8CB3-D033D43B420B}.Debug|Any CPU.Build.0 = Debug|Any CPU
		{FA9813FE-6F4A-4609-8CB3-D033D43B420B}.Release|Any CPU.ActiveCfg = Release|Any CPU
		{FA9813FE-6F4A-4609-8CB3-D033D43B420B}.Release|Any CPU.Build.0 = Release|Any CPU
	EndGlobalSection
	GlobalSection(SolutionProperties) = preSolution
		HideSolutionNode = FALSE
	EndGlobalSection
	GlobalSection(ExtensibilityGlobals) = postSolution
		SolutionGuid = {DB303274-B290-4655-B5DC-EFC9C8B699B6}
	EndGlobalSection
EndGlobal
